
Microsoft Visual Studio Solution File, Format Version 12.00
# Visual Studio Version 17
VisualStudioVersion = 17.3.32922.545
MinimumVisualStudioVersion = 10.0.40219.1
Project("{FAE04EC0-301F-11D3-BF4B-00C04F79EFBC}") = "Lab3-Question2", "Lab3-Question2.csproj", "{AD657E3F-57CD-43D5-AD46-9E31C51BFF01}"
EndProject
Global
	GlobalSection(SolutionConfigurationPlatforms) = preSolution
		Debug|Any CPU = Debug|Any CPU
		Release|Any CPU = Release|Any CPU
	EndGlobalSection
	GlobalSection(ProjectConfigurationPlatforms) = postSolution
		{AD657E3F-57CD-43D5-AD46-9E31C51BFF01}.Debug|Any CPU.ActiveCfg = Debug|Any CPU
		{AD657E3F-57CD-43D5-AD46-9E31C51BFF01}.Debug|Any CPU.Build.0 = Debug|Any CPU
		{AD657E3F-57CD-43D5-AD46-9E31C51BFF01}.Release|Any CPU.ActiveCfg = Release|Any CPU
		{AD657E3F-57CD-43D5-AD46-9E31C51BFF01}.Release|Any CPU.Build.0 = Release|Any CPU
	EndGlobalSection
	GlobalSection(SolutionProperties) = preSolution
		HideSolutionNode = FALSE
	EndGlobalSection
	GlobalSection(ExtensibilityGlobals) = postSolution
		SolutionGuid = {7647967A-F232-45A1-BD1B-977CE89D659B}
	EndGlobalSection
EndGlobal
